
Microsoft Visual Studio Solution File, Format Version 12.00
# Visual Studio Version 17
VisualStudioVersion = 17.12.35707.178 d17.12
MinimumVisualStudioVersion = 10.0.40219.1
Project("{FAE04EC0-301F-11D3-BF4B-00C04F79EFBC}") = "BasicChatBot", "BasicChatBot\BasicChatBot\BasicChatBot.csproj", "{BB5CC5B4-2F1D-49DC-8A01-2731FC371B82}"
EndProject
Project("{FAE04EC0-301F-11D3-BF4B-00C04F79EFBC}") = "BasicChatBot.Client", "BasicChatBot\BasicChatBot.Client\BasicChatBot.Client.csproj", "{B5CFCD09-A9E0-4350-B55A-B1B7C350BD5E}"
EndProject
Global
	GlobalSection(SolutionConfigurationPlatforms) = preSolution
		Debug|Any CPU = Debug|Any CPU
		Release|Any CPU = Release|Any CPU
	EndGlobalSection
	GlobalSection(ProjectConfigurationPlatforms) = postSolution
		{BB5CC5B4-2F1D-49DC-8A01-2731FC371B82}.Debug|Any CPU.ActiveCfg = Debug|Any CPU
		{BB5CC5B4-2F1D-49DC-8A01-2731FC371B82}.Debug|Any CPU.Build.0 = Debug|Any CPU
		{BB5CC5B4-2F1D-49DC-8A01-2731FC371B82}.Release|Any CPU.ActiveCfg = Release|Any CPU
		{BB5CC5B4-2F1D-49DC-8A01-2731FC371B82}.Release|Any CPU.Build.0 = Release|Any CPU
		{B5CFCD09-A9E0-4350-B55A-B1B7C350BD5E}.Debug|Any CPU.ActiveCfg = Debug|Any CPU
		{B5CFCD09-A9E0-4350-B55A-B1B7C350BD5E}.Debug|Any CPU.Build.0 = Debug|Any CPU
		{B5CFCD09-A9E0-4350-B55A-B1B7C350BD5E}.Release|Any CPU.ActiveCfg = Release|Any CPU
		{B5CFCD09-A9E0-4350-B55A-B1B7C350BD5E}.Release|Any CPU.Build.0 = Release|Any CPU
	EndGlobalSection
	GlobalSection(SolutionProperties) = preSolution
		HideSolutionNode = FALSE
	EndGlobalSection
EndGlobal
